
Microsoft Visual Studio Solution File, Format Version 12.00
# Visual Studio 15
VisualStudioVersion = 15.0.26430.13
MinimumVisualStudioVersion = 10.0.40219.1
Project("{8BC9CEB8-8B4A-11D0-8D11-00A0C91BC942}") = "std sort", "std sort\std sort.vcxproj", "{C49C824D-0AF4-48B9-9596-D3392FD7AF30}"
EndProject
Project("{8BC9CEB8-8B4A-11D0-8D11-00A0C91BC942}") = "Exception Handling", "Exception Handling\Exception Handling.vcxproj", "{A62219F3-18B8-421A-A111-29134B2A2CC1}"
EndProject
Project("{8BC9CEB8-8B4A-11D0-8D11-00A0C91BC942}") = "Range-Based Loops", "Range-Based Loops\Range-Based Loops.vcxproj", "{C3D19F1A-B466-48E4-8801-57566D9B2D0B}"
EndProject
Project("{8BC9CEB8-8B4A-11D0-8D11-00A0C91BC942}") = "rand", "rand\rand.vcxproj", "{8897407E-9056-415F-9848-EC15FF3FA62A}"
EndProject
Project("{8BC9CEB8-8B4A-11D0-8D11-00A0C91BC942}") = "Lists", "Lists\Lists.vcxproj", "{19ABD8B9-4D06-48E0-836D-616FF087EE22}"
EndProject
Project("{8BC9CEB8-8B4A-11D0-8D11-00A0C91BC942}") = "Timer", "Timer\Timer.vcxproj", "{47D5FC4F-E233-4EFD-AD12-AA5BE8DB8795}"
EndProject
Project("{8BC9CEB8-8B4A-11D0-8D11-00A0C91BC942}") = "Binary Loading", "Binary Loading\Binary Loading.vcxproj", "{6C58291A-3AB5-48CF-90E1-CFA5C6504EC1}"
EndProject
Project("{8BC9CEB8-8B4A-11D0-8D11-00A0C91BC942}") = "Macros", "Macros\Macros.vcxproj", "{685AE1D4-4541-48BE-A6C4-20F52B3034BA}"
EndProject
Project("{8BC9CEB8-8B4A-11D0-8D11-00A0C91BC942}") = "SubStr", "SubStr\SubStr.vcxproj", "{51E308A0-67C0-49AB-BA3A-1DD4D7EBD66F}"
EndProject
Global
	GlobalSection(SolutionConfigurationPlatforms) = preSolution
		Debug|x64 = Debug|x64
		Debug|x86 = Debug|x86
		Release|x64 = Release|x64
		Release|x86 = Release|x86
	EndGlobalSection
	GlobalSection(ProjectConfigurationPlatforms) = postSolution
		{C49C824D-0AF4-48B9-9596-D3392FD7AF30}.Debug|x64.ActiveCfg = Debug|x64
		{C49C824D-0AF4-48B9-9596-D3392FD7AF30}.Debug|x64.Build.0 = Debug|x64
		{C49C824D-0AF4-48B9-9596-D3392FD7AF30}.Debug|x86.ActiveCfg = Debug|Win32
		{C49C824D-0AF4-48B9-9596-D3392FD7AF30}.Debug|x86.Build.0 = Debug|Win32
		{C49C824D-0AF4-48B9-9596-D3392FD7AF30}.Release|x64.ActiveCfg = Release|x64
		{C49C824D-0AF4-48B9-9596-D3392FD7AF30}.Release|x64.Build.0 = Release|x64
		{C49C824D-0AF4-48B9-9596-D3392FD7AF30}.Release|x86.ActiveCfg = Release|Win32
		{C49C824D-0AF4-48B9-9596-D3392FD7AF30}.Release|x86.Build.0 = Release|Win32
		{A62219F3-18B8-421A-A111-29134B2A2CC1}.Debug|x64.ActiveCfg = Debug|x64
		{A62219F3-18B8-421A-A111-29134B2A2CC1}.Debug|x64.Build.0 = Debug|x64
		{A62219F3-18B8-421A-A111-29134B2A2CC1}.Debug|x86.ActiveCfg = Debug|Win32
		{A62219F3-18B8-421A-A111-29134B2A2CC1}.Debug|x86.Build.0 = Debug|Win32
		{A62219F3-18B8-421A-A111-29134B2A2CC1}.Release|x64.ActiveCfg = Release|x64
		{A62219F3-18B8-421A-A111-29134B2A2CC1}.Release|x64.Build.0 = Release|x64
		{A62219F3-18B8-421A-A111-29134B2A2CC1}.Release|x86.ActiveCfg = Release|Win32
		{A62219F3-18B8-421A-A111-29134B2A2CC1}.Release|x86.Build.0 = Release|Win32
		{C3D19F1A-B466-48E4-8801-57566D9B2D0B}.Debug|x64.ActiveCfg = Debug|x64
		{C3D19F1A-B466-48E4-8801-57566D9B2D0B}.Debug|x64.Build.0 = Debug|x64
		{C3D19F1A-B466-48E4-8801-57566D9B2D0B}.Debug|x86.ActiveCfg = Debug|Win32
		{C3D19F1A-B466-48E4-8801-57566D9B2D0B}.Debug|x86.Build.0 = Debug|Win32
		{C3D19F1A-B466-48E4-8801-57566D9B2D0B}.Release|x64.ActiveCfg = Release|x64
		{C3D19F1A-B466-48E4-8801-57566D9B2D0B}.Release|x64.Build.0 = Release|x64
		{C3D19F1A-B466-48E4-8801-57566D9B2D0B}.Release|x86.ActiveCfg = Release|Win32
		{C3D19F1A-B466-48E4-8801-57566D9B2D0B}.Release|x86.Build.0 = Release|Win32
		{8897407E-9056-415F-9848-EC15FF3FA62A}.Debug|x64.ActiveCfg = Debug|x64
		{8897407E-9056-415F-9848-EC15FF3FA62A}.Debug|x64.Build.0 = Debug|x64
		{8897407E-9056-415F-9848-EC15FF3FA62A}.Debug|x86.ActiveCfg = Debug|Win32
		{8897407E-9056-415F-9848-EC15FF3FA62A}.Debug|x86.Build.0 = Debug|Win32
		{8897407E-9056-415F-9848-EC15FF3FA62A}.Release|x64.ActiveCfg = Release|x64
		{8897407E-9056-415F-9848-EC15FF3FA62A}.Release|x64.Build.0 = Release|x64
		{8897407E-9056-415F-9848-EC15FF3FA62A}.Release|x86.ActiveCfg = Release|Win32
		{8897407E-9056-415F-9848-EC15FF3FA62A}.Release|x86.Build.0 = Release|Win32
		{19ABD8B9-4D06-48E0-836D-616FF087EE22}.Debug|x64.ActiveCfg = Debug|x64
		{19ABD8B9-4D06-48E0-836D-616FF087EE22}.Debug|x64.Build.0 = Debug|x64
		{19ABD8B9-4D06-48E0-836D-616FF087EE22}.Debug|x86.ActiveCfg = Debug|Win32
		{19ABD8B9-4D06-48E0-836D-616FF087EE22}.Debug|x86.Build.0 = Debug|Win32
		{19ABD8B9-4D06-48E0-836D-616FF087EE22}.Release|x64.ActiveCfg = Release|x64
		{19ABD8B9-4D06-48E0-836D-616FF087EE22}.Release|x64.Build.0 = Release|x64
		{19ABD8B9-4D06-48E0-836D-616FF087EE22}.Release|x86.ActiveCfg = Release|Win32
		{19ABD8B9-4D06-48E0-836D-616FF087EE22}.Release|x86.Build.0 = Release|Win32
		{47D5FC4F-E233-4EFD-AD12-AA5BE8DB8795}.Debug|x64.ActiveCfg = Debug|x64
		{47D5FC4F-E233-4EFD-AD12-AA5BE8DB8795}.Debug|x64.Build.0 = Debug|x64
		{47D5FC4F-E233-4EFD-AD12-AA5BE8DB8795}.Debug|x86.ActiveCfg = Debug|Win32
		{47D5FC4F-E233-4EFD-AD12-AA5BE8DB8795}.Debug|x86.Build.0 = Debug|Win32
		{47D5FC4F-E233-4EFD-AD12-AA5BE8DB8795}.Release|x64.ActiveCfg = Release|x64
		{47D5FC4F-E233-4EFD-AD12-AA5BE8DB8795}.Release|x64.Build.0 = Release|x64
		{47D5FC4F-E233-4EFD-AD12-AA5BE8DB8795}.Release|x86.ActiveCfg = Release|Win32
		{47D5FC4F-E233-4EFD-AD12-AA5BE8DB8795}.Release|x86.Build.0 = Release|Win32
		{6C58291A-3AB5-48CF-90E1-CFA5C6504EC1}.Debug|x64.ActiveCfg = Debug|x64
		{6C58291A-3AB5-48CF-90E1-CFA5C6504EC1}.Debug|x64.Build.0 = Debug|x64
		{6C58291A-3AB5-48CF-90E1-CFA5C6504EC1}.Debug|x86.ActiveCfg = Debug|Win32
		{6C58291A-3AB5-48CF-90E1-CFA5C6504EC1}.Debug|x86.Build.0 = Debug|Win32
		{6C58291A-3AB5-48CF-90E1-CFA5C6504EC1}.Release|x64.ActiveCfg = Release|x64
		{6C58291A-3AB5-48CF-90E1-CFA5C6504EC1}.Release|x64.Build.0 = Release|x64
		{6C58291A-3AB5-48CF-90E1-CFA5C6504EC1}.Release|x86.ActiveCfg = Release|Win32
		{6C58291A-3AB5-48CF-90E1-CFA5C6504EC1}.Release|x86.Build.0 = Release|Win32
		{685AE1D4-4541-48BE-A6C4-20F52B3034BA}.Debug|x64.ActiveCfg = Debug|x64
		{685AE1D4-4541-48BE-A6C4-20F52B3034BA}.Debug|x64.Build.0 = Debug|x64
		{685AE1D4-4541-48BE-A6C4-20F52B3034BA}.Debug|x86.ActiveCfg = Debug|Win32
		{685AE1D4-4541-48BE-A6C4-20F52B3034BA}.Debug|x86.Build.0 = Debug|Win32
		{685AE1D4-4541-48BE-A6C4-20F52B3034BA}.Release|x64.ActiveCfg = Release|x64
		{685AE1D4-4541-48BE-A6C4-20F52B3034BA}.Release|x64.Build.0 = Release|x64
		{685AE1D4-4541-48BE-A6C4-20F52B3034BA}.Release|x86.ActiveCfg = Release|Win32
		{685AE1D4-4541-48BE-A6C4-20F52B3034BA}.Release|x86.Build.0 = Release|Win32
		{51E308A0-67C0-49AB-BA3A-1DD4D7EBD66F}.Debug|x64.ActiveCfg = Debug|x64
		{51E308A0-67C0-49AB-BA3A-1DD4D7EBD66F}.Debug|x64.Build.0 = Debug|x64
		{51E308A0-67C0-49AB-BA3A-1DD4D7EBD66F}.Debug|x86.ActiveCfg = Debug|Win32
		{51E308A0-67C0-49AB-BA3A-1DD4D7EBD66F}.Debug|x86.Build.0 = Debug|Win32
		{51E308A0-67C0-49AB-BA3A-1DD4D7EBD66F}.Release|x64.ActiveCfg = Release|x64
		{51E308A0-67C0-49AB-BA3A-1DD4D7EBD66F}.Release|x64.Build.0 = Release|x64
		{51E308A0-67C0-49AB-BA3A-1DD4D7EBD66F}.Release|x86.ActiveCfg = Release|Win32
		{51E308A0-67C0-49AB-BA3A-1DD4D7EBD66F}.Release|x86.Build.0 = Release|Win32
	EndGlobalSection
	GlobalSection(SolutionProperties) = preSolution
		HideSolutionNode = FALSE
	EndGlobalSection
	GlobalSection(ExtensibilityGlobals) = postSolution
		SolutionGuid = {6E52AA28-4583-4427-8597-B47EBE786BE9}
	EndGlobalSection
EndGlobal
